
Microsoft Visual Studio Solution File, Format Version 12.00
# Visual Studio 15
VisualStudioVersion = 15.0.26124.0
MinimumVisualStudioVersion = 15.0.26124.0
Project("{FAE04EC0-301F-11D3-BF4B-00C04F79EFBC}") = "Domain", "Domain\Domain.csproj", "{EF26CCD7-C769-42F3-BBC8-3AB5090BE31A}"
EndProject
Project("{FAE04EC0-301F-11D3-BF4B-00C04F79EFBC}") = "Application", "Application\Application.csproj", "{EFAC78FF-2D0C-4F3E-9772-F776289E5048}"
EndProject
Project("{FAE04EC0-301F-11D3-BF4B-00C04F79EFBC}") = "Persistence", "Persistence\Persistence.csproj", "{B3B85E12-CCB4-45B0-9AA0-BE3F03B6AC61}"
EndProject
Project("{FAE04EC0-301F-11D3-BF4B-00C04F79EFBC}") = "API", "API\API.csproj", "{215538F0-C869-43B7-BD26-2124AD4629AE}"
EndProject
Global
	GlobalSection(SolutionConfigurationPlatforms) = preSolution
		Debug|Any CPU = Debug|Any CPU
		Debug|x64 = Debug|x64
		Debug|x86 = Debug|x86
		Release|Any CPU = Release|Any CPU
		Release|x64 = Release|x64
		Release|x86 = Release|x86
	EndGlobalSection
	GlobalSection(SolutionProperties) = preSolution
		HideSolutionNode = FALSE
	EndGlobalSection
	GlobalSection(ProjectConfigurationPlatforms) = postSolution
		{EF26CCD7-C769-42F3-BBC8-3AB5090BE31A}.Debug|Any CPU.ActiveCfg = Debug|Any CPU
		{EF26CCD7-C769-42F3-BBC8-3AB5090BE31A}.Debug|Any CPU.Build.0 = Debug|Any CPU
		{EF26CCD7-C769-42F3-BBC8-3AB5090BE31A}.Debug|x64.ActiveCfg = Debug|Any CPU
		{EF26CCD7-C769-42F3-BBC8-3AB5090BE31A}.Debug|x64.Build.0 = Debug|Any CPU
		{EF26CCD7-C769-42F3-BBC8-3AB5090BE31A}.Debug|x86.ActiveCfg = Debug|Any CPU
		{EF26CCD7-C769-42F3-BBC8-3AB5090BE31A}.Debug|x86.Build.0 = Debug|Any CPU
		{EF26CCD7-C769-42F3-BBC8-3AB5090BE31A}.Release|Any CPU.ActiveCfg = Release|Any CPU
		{EF26CCD7-C769-42F3-BBC8-3AB5090BE31A}.Release|Any CPU.Build.0 = Release|Any CPU
		{EF26CCD7-C769-42F3-BBC8-3AB5090BE31A}.Release|x64.ActiveCfg = Release|Any CPU
		{EF26CCD7-C769-42F3-BBC8-3AB5090BE31A}.Release|x64.Build.0 = Release|Any CPU
		{EF26CCD7-C769-42F3-BBC8-3AB5090BE31A}.Release|x86.ActiveCfg = Release|Any CPU
		{EF26CCD7-C769-42F3-BBC8-3AB5090BE31A}.Release|x86.Build.0 = Release|Any CPU
		{EFAC78FF-2D0C-4F3E-9772-F776289E5048}.Debug|Any CPU.ActiveCfg = Debug|Any CPU
		{EFAC78FF-2D0C-4F3E-9772-F776289E5048}.Debug|Any CPU.Build.0 = Debug|Any CPU
		{EFAC78FF-2D0C-4F3E-9772-F776289E5048}.Debug|x64.ActiveCfg = Debug|Any CPU
		{EFAC78FF-2D0C-4F3E-9772-F776289E5048}.Debug|x64.Build.0 = Debug|Any CPU
		{EFAC78FF-2D0C-4F3E-9772-F776289E5048}.Debug|x86.ActiveCfg = Debug|Any CPU
		{EFAC78FF-2D0C-4F3E-9772-F776289E5048}.Debug|x86.Build.0 = Debug|Any CPU
		{EFAC78FF-2D0C-4F3E-9772-F776289E5048}.Release|Any CPU.ActiveCfg = Release|Any CPU
		{EFAC78FF-2D0C-4F3E-9772-F776289E5048}.Release|Any CPU.Build.0 = Release|Any CPU
		{EFAC78FF-2D0C-4F3E-9772-F776289E5048}.Release|x64.ActiveCfg = Release|Any CPU
		{EFAC78FF-2D0C-4F3E-9772-F776289E5048}.Release|x64.Build.0 = Release|Any CPU
		{EFAC78FF-2D0C-4F3E-9772-F776289E5048}.Release|x86.ActiveCfg = Release|Any CPU
		{EFAC78FF-2D0C-4F3E-9772-F776289E5048}.Release|x86.Build.0 = Release|Any CPU
		{B3B85E12-CCB4-45B0-9AA0-BE3F03B6AC61}.Debug|Any CPU.ActiveCfg = Debug|Any CPU
		{B3B85E12-CCB4-45B0-9AA0-BE3F03B6AC61}.Debug|Any CPU.Build.0 = Debug|Any CPU
		{B3B85E12-CCB4-45B0-9AA0-BE3F03B6AC61}.Debug|x64.ActiveCfg = Debug|Any CPU
		{B3B85E12-CCB4-45B0-9AA0-BE3F03B6AC61}.Debug|x64.Build.0 = Debug|Any CPU
		{B3B85E12-CCB4-45B0-9AA0-BE3F03B6AC61}.Debug|x86.ActiveCfg = Debug|Any CPU
		{B3B85E12-CCB4-45B0-9AA0-BE3F03B6AC61}.Debug|x86.Build.0 = Debug|Any CPU
		{B3B85E12-CCB4-45B0-9AA0-BE3F03B6AC61}.Release|Any CPU.ActiveCfg = Release|Any CPU
		{B3B85E12-CCB4-45B0-9AA0-BE3F03B6AC61}.Release|Any CPU.Build.0 = Release|Any CPU
		{B3B85E12-CCB4-45B0-9AA0-BE3F03B6AC61}.Release|x64.ActiveCfg = Release|Any CPU
		{B3B85E12-CCB4-45B0-9AA0-BE3F03B6AC61}.Release|x64.Build.0 = Release|Any CPU
		{B3B85E12-CCB4-45B0-9AA0-BE3F03B6AC61}.Release|x86.ActiveCfg = Release|Any CPU
		{B3B85E12-CCB4-45B0-9AA0-BE3F03B6AC61}.Release|x86.Build.0 = Release|Any CPU
		{215538F0-C869-43B7-BD26-2124AD4629AE}.Debug|Any CPU.ActiveCfg = Debug|Any CPU
		{215538F0-C869-43B7-BD26-2124AD4629AE}.Debug|Any CPU.Build.0 = Debug|Any CPU
		{215538F0-C869-43B7-BD26-2124AD4629AE}.Debug|x64.ActiveCfg = Debug|Any CPU
		{215538F0-C869-43B7-BD26-2124AD4629AE}.Debug|x64.Build.0 = Debug|Any CPU
		{215538F0-C869-43B7-BD26-2124AD4629AE}.Debug|x86.ActiveCfg = Debug|Any CPU
		{215538F0-C869-43B7-BD26-2124AD4629AE}.Debug|x86.Build.0 = Debug|Any CPU
		{215538F0-C869-43B7-BD26-2124AD4629AE}.Release|Any CPU.ActiveCfg = Release|Any CPU
		{215538F0-C869-43B7-BD26-2124AD4629AE}.Release|Any CPU.Build.0 = Release|Any CPU
		{215538F0-C869-43B7-BD26-2124AD4629AE}.Release|x64.ActiveCfg = Release|Any CPU
		{215538F0-C869-43B7-BD26-2124AD4629AE}.Release|x64.Build.0 = Release|Any CPU
		{215538F0-C869-43B7-BD26-2124AD4629AE}.Release|x86.ActiveCfg = Release|Any CPU
		{215538F0-C869-43B7-BD26-2124AD4629AE}.Release|x86.Build.0 = Release|Any CPU
	EndGlobalSection
EndGlobal
